
Microsoft Visual Studio Solution File, Format Version 12.00
# Visual Studio 14
VisualStudioVersion = 14.0.23107.0
MinimumVisualStudioVersion = 10.0.40219.1
Project("{FAE04EC0-301F-11D3-BF4B-00C04F79EFBC}") = "MaratonBusiness", "MaratonBusiness\MaratonBusiness.csproj", "{C4ABE82E-23DD-4BA6-9B72-01EEFBDAFAD8}"
EndProject
Project("{FAE04EC0-301F-11D3-BF4B-00C04F79EFBC}") = "MaratonBusiness.Tests", "MaratonBusiness.Tests\MaratonBusiness.Tests.csproj", "{42C38908-B186-40A8-BDF5-45ACCB1FAC2F}"
EndProject
Global
	GlobalSection(SolutionConfigurationPlatforms) = preSolution
		Debug|Any CPU = Debug|Any CPU
		Release|Any CPU = Release|Any CPU
	EndGlobalSection
	GlobalSection(ProjectConfigurationPlatforms) = postSolution
		{C4ABE82E-23DD-4BA6-9B72-01EEFBDAFAD8}.Debug|Any CPU.ActiveCfg = Debug|Any CPU
		{C4ABE82E-23DD-4BA6-9B72-01EEFBDAFAD8}.Debug|Any CPU.Build.0 = Debug|Any CPU
		{C4ABE82E-23DD-4BA6-9B72-01EEFBDAFAD8}.Release|Any CPU.ActiveCfg = Release|Any CPU
		{C4ABE82E-23DD-4BA6-9B72-01EEFBDAFAD8}.Release|Any CPU.Build.0 = Release|Any CPU
		{42C38908-B186-40A8-BDF5-45ACCB1FAC2F}.Debug|Any CPU.ActiveCfg = Debug|Any CPU
		{42C38908-B186-40A8-BDF5-45ACCB1FAC2F}.Debug|Any CPU.Build.0 = Debug|Any CPU
		{42C38908-B186-40A8-BDF5-45ACCB1FAC2F}.Release|Any CPU.ActiveCfg = Release|Any CPU
		{42C38908-B186-40A8-BDF5-45ACCB1FAC2F}.Release|Any CPU.Build.0 = Release|Any CPU
	EndGlobalSection
	GlobalSection(SolutionProperties) = preSolution
		HideSolutionNode = FALSE
	EndGlobalSection
EndGlobal
